
Microsoft Visual Studio Solution File, Format Version 12.00
Project("{FAE04EC0-301F-11D3-BF4B-00C04F79EFBC}") = "Domain", "Domain\Domain\Domain.csproj", "{0B6F9C42-B605-486F-95D1-470A029B5164}"
EndProject
Project("{2150E333-8FDC-42A3-9474-1A3956D46DE8}") = "Domain", "Domain", "{F84EC05D-2EA7-4BCD-99ED-8511AE47A074}"
EndProject
Project("{2150E333-8FDC-42A3-9474-1A3956D46DE8}") = "Infra", "Infra", "{E2DD45E4-03F0-4842-892C-519CEE659707}"
EndProject
Project("{2150E333-8FDC-42A3-9474-1A3956D46DE8}") = "Data", "Data", "{1FE78AA7-FA39-4F15-A4BB-F046C5DD7AB8}"
EndProject
Project("{2150E333-8FDC-42A3-9474-1A3956D46DE8}") = "Domain", "Domain", "{9CBCCD0E-C542-4199-9BC7-F7C763D9D2AD}"
EndProject
Project("{2150E333-8FDC-42A3-9474-1A3956D46DE8}") = "Cadastro", "Cadastro", "{DA8471A0-8DC2-4C61-B7DC-03717D58DD71}"
EndProject
Project("{FAE04EC0-301F-11D3-BF4B-00C04F79EFBC}") = "Infra.Data.Cadastro", "Infra\Data\Domain\Cadastro\Infra.Data.Cadastro\Infra.Data.Cadastro.csproj", "{CC5EFD86-5DC5-4B55-9E32-B41373BAC9E0}"
EndProject
Project("{2150E333-8FDC-42A3-9474-1A3956D46DE8}") = "Config", "Config", "{D7636A05-B022-4B00-8CBF-F7F93E5C2DA1}"
	ProjectSection(SolutionItems) = preProject
		Config\appsettings.json = Config\appsettings.json
	EndProjectSection
EndProject
Global
	GlobalSection(SolutionConfigurationPlatforms) = preSolution
		Debug|Any CPU = Debug|Any CPU
		Release|Any CPU = Release|Any CPU
	EndGlobalSection
	GlobalSection(ProjectConfigurationPlatforms) = postSolution
		{0B6F9C42-B605-486F-95D1-470A029B5164}.Debug|Any CPU.ActiveCfg = Debug|Any CPU
		{0B6F9C42-B605-486F-95D1-470A029B5164}.Debug|Any CPU.Build.0 = Debug|Any CPU
		{0B6F9C42-B605-486F-95D1-470A029B5164}.Release|Any CPU.ActiveCfg = Release|Any CPU
		{0B6F9C42-B605-486F-95D1-470A029B5164}.Release|Any CPU.Build.0 = Release|Any CPU
		{CC5EFD86-5DC5-4B55-9E32-B41373BAC9E0}.Debug|Any CPU.ActiveCfg = Debug|Any CPU
		{CC5EFD86-5DC5-4B55-9E32-B41373BAC9E0}.Debug|Any CPU.Build.0 = Debug|Any CPU
		{CC5EFD86-5DC5-4B55-9E32-B41373BAC9E0}.Release|Any CPU.ActiveCfg = Release|Any CPU
		{CC5EFD86-5DC5-4B55-9E32-B41373BAC9E0}.Release|Any CPU.Build.0 = Release|Any CPU
	EndGlobalSection
	GlobalSection(NestedProjects) = preSolution
		{0B6F9C42-B605-486F-95D1-470A029B5164} = {F84EC05D-2EA7-4BCD-99ED-8511AE47A074}
		{1FE78AA7-FA39-4F15-A4BB-F046C5DD7AB8} = {E2DD45E4-03F0-4842-892C-519CEE659707}
		{9CBCCD0E-C542-4199-9BC7-F7C763D9D2AD} = {1FE78AA7-FA39-4F15-A4BB-F046C5DD7AB8}
		{DA8471A0-8DC2-4C61-B7DC-03717D58DD71} = {9CBCCD0E-C542-4199-9BC7-F7C763D9D2AD}
		{CC5EFD86-5DC5-4B55-9E32-B41373BAC9E0} = {DA8471A0-8DC2-4C61-B7DC-03717D58DD71}
		{D7636A05-B022-4B00-8CBF-F7F93E5C2DA1} = {F84EC05D-2EA7-4BCD-99ED-8511AE47A074}
	EndGlobalSection
EndGlobal
