
Microsoft Visual Studio Solution File, Format Version 12.00
Project("{FAE04EC0-301F-11D3-BF4B-00C04F79EFBC}") = "Domain", "Domain\Domain\Domain.csproj", "{0B6F9C42-B605-486F-95D1-470A029B5164}"
EndProject
Project("{2150E333-8FDC-42A3-9474-1A3956D46DE8}") = "Domain", "Domain", "{F84EC05D-2EA7-4BCD-99ED-8511AE47A074}"
EndProject
Project("{2150E333-8FDC-42A3-9474-1A3956D46DE8}") = "Infra", "Infra", "{E2DD45E4-03F0-4842-892C-519CEE659707}"
EndProject
Project("{2150E333-8FDC-42A3-9474-1A3956D46DE8}") = "Data", "Data", "{1FE78AA7-FA39-4F15-A4BB-F046C5DD7AB8}"
EndProject
Project("{2150E333-8FDC-42A3-9474-1A3956D46DE8}") = "Domain", "Domain", "{9CBCCD0E-C542-4199-9BC7-F7C763D9D2AD}"
EndProject
Project("{2150E333-8FDC-42A3-9474-1A3956D46DE8}") = "Cadastro", "Cadastro", "{DA8471A0-8DC2-4C61-B7DC-03717D58DD71}"
EndProject
Project("{FAE04EC0-301F-11D3-BF4B-00C04F79EFBC}") = "Infra.Data.Cadastro", "Infra\Data\Domain\Cadastro\Infra.Data.Cadastro\Infra.Data.Cadastro.csproj", "{CC5EFD86-5DC5-4B55-9E32-B41373BAC9E0}"
EndProject
Project("{2150E333-8FDC-42A3-9474-1A3956D46DE8}") = "Config", "Config", "{D7636A05-B022-4B00-8CBF-F7F93E5C2DA1}"
	ProjectSection(SolutionItems) = preProject
		Config\appsettings.json = Config\appsettings.json
	EndProjectSection
EndProject
Project("{2150E333-8FDC-42A3-9474-1A3956D46DE8}") = "Service", "Service", "{679EAFC3-77CB-4C84-9826-6BA5378176FB}"
EndProject
Project("{2150E333-8FDC-42A3-9474-1A3956D46DE8}") = "Serverless", "Serverless", "{D63C10F1-6692-4090-8BFB-ABA34198CA73}"
EndProject
Project("{FAE04EC0-301F-11D3-BF4B-00C04F79EFBC}") = "Service.Cadastro", "Service\Serverless\Service.Cadastro\Service.Cadastro.csproj", "{C5114885-663D-4A91-A9DE-D4D700BEA8B4}"
EndProject
Project("{2150E333-8FDC-42A3-9474-1A3956D46DE8}") = "Solution Items", "Solution Items", "{5442C32C-DF87-4344-A2E5-47F3943BD685}"
	ProjectSection(SolutionItems) = preProject
		docker-compose.yml = docker-compose.yml
	EndProjectSection
EndProject
Project("{2150E333-8FDC-42A3-9474-1A3956D46DE8}") = "Application", "Application", "{BCAA16A5-27FF-464D-800A-B666F43D3A80}"
EndProject
Project("{2150E333-8FDC-42A3-9474-1A3956D46DE8}") = "CrossCutting", "CrossCutting", "{866753B9-C78E-463A-B73D-65B5F292AB05}"
EndProject
Project("{2150E333-8FDC-42A3-9474-1A3956D46DE8}") = "IoC", "IoC", "{C8D9A8BF-4E3A-42A0-BD26-D8A026B06EB8}"
EndProject
Project("{2150E333-8FDC-42A3-9474-1A3956D46DE8}") = "Domain", "Domain", "{6155E840-BD2F-434A-BB1D-71785F469C64}"
EndProject
Project("{2150E333-8FDC-42A3-9474-1A3956D46DE8}") = "Cadastro", "Cadastro", "{F8FBA695-352E-4448-A7CF-36DF1295B7D7}"
EndProject
Project("{FAE04EC0-301F-11D3-BF4B-00C04F79EFBC}") = "Infra.CrossCutting.IoC.Domain.Cadastro", "Infra\CrossCutting\Domain\Cadastro\Infra.CrossCutting.IoC.Domain.Cadastro\Infra.CrossCutting.IoC.Domain.Cadastro.csproj", "{196BA196-E282-487F-9C58-C0C159ACE7D4}"
EndProject
Project("{FAE04EC0-301F-11D3-BF4B-00C04F79EFBC}") = "Application.Cadastro", "Application\Application.Cadastro\Application.Cadastro.csproj", "{4DD4591C-0362-4C9E-945B-19BA3121A66E}"
EndProject
Project("{2150E333-8FDC-42A3-9474-1A3956D46DE8}") = "Util", "Util", "{A7C4F5E5-6B2B-4F97-8384-722072B3AF60}"
EndProject
Project("{FAE04EC0-301F-11D3-BF4B-00C04F79EFBC}") = "Util.ExpressionExtension", "Util\Util.ExpressionExtension\Util.ExpressionExtension.csproj", "{BE3C2CF8-FC6B-4139-A700-016F263BD942}"
EndProject
Project("{2150E333-8FDC-42A3-9474-1A3956D46DE8}") = "Test", "Test", "{6E65E33A-5F85-403E-9928-287E35F48F5B}"
EndProject
Project("{2150E333-8FDC-42A3-9474-1A3956D46DE8}") = "UnityTest", "UnityTest", "{23248A43-21A8-4C9C-A28A-812188110A1C}"
EndProject
Project("{2150E333-8FDC-42A3-9474-1A3956D46DE8}") = "Application", "Application", "{514A35B4-13CF-4A9B-B14A-0B086FF020A5}"
EndProject
Project("{FAE04EC0-301F-11D3-BF4B-00C04F79EFBC}") = "Application.Cadastro.Test", "Tests\UnityTest\Application\Application.Cadastro.Test\Application.Cadastro.Test.csproj", "{C69FDA80-7EB3-4CA3-B17A-9DAB6C3943D9}"
EndProject
Project("{2150E333-8FDC-42A3-9474-1A3956D46DE8}") = "Domain", "Domain", "{AB58FF18-B21C-4265-BD43-443708D3B436}"
EndProject
Project("{FAE04EC0-301F-11D3-BF4B-00C04F79EFBC}") = "Domain.Cadastro.Test", "Tests\UnityTest\Domain\Domain.Cadastro.Test\Domain.Cadastro.Test.csproj", "{233DC072-590B-48C9-BF71-C17EAF36F928}"
EndProject
Global
	GlobalSection(SolutionConfigurationPlatforms) = preSolution
		Debug|Any CPU = Debug|Any CPU
		Release|Any CPU = Release|Any CPU
	EndGlobalSection
	GlobalSection(ProjectConfigurationPlatforms) = postSolution
		{0B6F9C42-B605-486F-95D1-470A029B5164}.Debug|Any CPU.ActiveCfg = Debug|Any CPU
		{0B6F9C42-B605-486F-95D1-470A029B5164}.Debug|Any CPU.Build.0 = Debug|Any CPU
		{0B6F9C42-B605-486F-95D1-470A029B5164}.Release|Any CPU.ActiveCfg = Release|Any CPU
		{0B6F9C42-B605-486F-95D1-470A029B5164}.Release|Any CPU.Build.0 = Release|Any CPU
		{CC5EFD86-5DC5-4B55-9E32-B41373BAC9E0}.Debug|Any CPU.ActiveCfg = Debug|Any CPU
		{CC5EFD86-5DC5-4B55-9E32-B41373BAC9E0}.Debug|Any CPU.Build.0 = Debug|Any CPU
		{CC5EFD86-5DC5-4B55-9E32-B41373BAC9E0}.Release|Any CPU.ActiveCfg = Release|Any CPU
		{CC5EFD86-5DC5-4B55-9E32-B41373BAC9E0}.Release|Any CPU.Build.0 = Release|Any CPU
		{C5114885-663D-4A91-A9DE-D4D700BEA8B4}.Debug|Any CPU.ActiveCfg = Debug|Any CPU
		{C5114885-663D-4A91-A9DE-D4D700BEA8B4}.Debug|Any CPU.Build.0 = Debug|Any CPU
		{C5114885-663D-4A91-A9DE-D4D700BEA8B4}.Release|Any CPU.ActiveCfg = Release|Any CPU
		{C5114885-663D-4A91-A9DE-D4D700BEA8B4}.Release|Any CPU.Build.0 = Release|Any CPU
		{196BA196-E282-487F-9C58-C0C159ACE7D4}.Debug|Any CPU.ActiveCfg = Debug|Any CPU
		{196BA196-E282-487F-9C58-C0C159ACE7D4}.Debug|Any CPU.Build.0 = Debug|Any CPU
		{196BA196-E282-487F-9C58-C0C159ACE7D4}.Release|Any CPU.ActiveCfg = Release|Any CPU
		{196BA196-E282-487F-9C58-C0C159ACE7D4}.Release|Any CPU.Build.0 = Release|Any CPU
		{4DD4591C-0362-4C9E-945B-19BA3121A66E}.Debug|Any CPU.ActiveCfg = Debug|Any CPU
		{4DD4591C-0362-4C9E-945B-19BA3121A66E}.Debug|Any CPU.Build.0 = Debug|Any CPU
		{4DD4591C-0362-4C9E-945B-19BA3121A66E}.Release|Any CPU.ActiveCfg = Release|Any CPU
		{4DD4591C-0362-4C9E-945B-19BA3121A66E}.Release|Any CPU.Build.0 = Release|Any CPU
		{BE3C2CF8-FC6B-4139-A700-016F263BD942}.Debug|Any CPU.ActiveCfg = Debug|Any CPU
		{BE3C2CF8-FC6B-4139-A700-016F263BD942}.Debug|Any CPU.Build.0 = Debug|Any CPU
		{BE3C2CF8-FC6B-4139-A700-016F263BD942}.Release|Any CPU.ActiveCfg = Release|Any CPU
		{BE3C2CF8-FC6B-4139-A700-016F263BD942}.Release|Any CPU.Build.0 = Release|Any CPU
		{C69FDA80-7EB3-4CA3-B17A-9DAB6C3943D9}.Debug|Any CPU.ActiveCfg = Debug|Any CPU
		{C69FDA80-7EB3-4CA3-B17A-9DAB6C3943D9}.Debug|Any CPU.Build.0 = Debug|Any CPU
		{C69FDA80-7EB3-4CA3-B17A-9DAB6C3943D9}.Release|Any CPU.ActiveCfg = Release|Any CPU
		{C69FDA80-7EB3-4CA3-B17A-9DAB6C3943D9}.Release|Any CPU.Build.0 = Release|Any CPU
		{233DC072-590B-48C9-BF71-C17EAF36F928}.Debug|Any CPU.ActiveCfg = Debug|Any CPU
		{233DC072-590B-48C9-BF71-C17EAF36F928}.Debug|Any CPU.Build.0 = Debug|Any CPU
		{233DC072-590B-48C9-BF71-C17EAF36F928}.Release|Any CPU.ActiveCfg = Release|Any CPU
		{233DC072-590B-48C9-BF71-C17EAF36F928}.Release|Any CPU.Build.0 = Release|Any CPU
	EndGlobalSection
	GlobalSection(NestedProjects) = preSolution
		{0B6F9C42-B605-486F-95D1-470A029B5164} = {F84EC05D-2EA7-4BCD-99ED-8511AE47A074}
		{1FE78AA7-FA39-4F15-A4BB-F046C5DD7AB8} = {E2DD45E4-03F0-4842-892C-519CEE659707}
		{9CBCCD0E-C542-4199-9BC7-F7C763D9D2AD} = {1FE78AA7-FA39-4F15-A4BB-F046C5DD7AB8}
		{DA8471A0-8DC2-4C61-B7DC-03717D58DD71} = {9CBCCD0E-C542-4199-9BC7-F7C763D9D2AD}
		{CC5EFD86-5DC5-4B55-9E32-B41373BAC9E0} = {DA8471A0-8DC2-4C61-B7DC-03717D58DD71}
		{D63C10F1-6692-4090-8BFB-ABA34198CA73} = {679EAFC3-77CB-4C84-9826-6BA5378176FB}
		{C5114885-663D-4A91-A9DE-D4D700BEA8B4} = {D63C10F1-6692-4090-8BFB-ABA34198CA73}
		{866753B9-C78E-463A-B73D-65B5F292AB05} = {E2DD45E4-03F0-4842-892C-519CEE659707}
		{C8D9A8BF-4E3A-42A0-BD26-D8A026B06EB8} = {866753B9-C78E-463A-B73D-65B5F292AB05}
		{6155E840-BD2F-434A-BB1D-71785F469C64} = {C8D9A8BF-4E3A-42A0-BD26-D8A026B06EB8}
		{F8FBA695-352E-4448-A7CF-36DF1295B7D7} = {6155E840-BD2F-434A-BB1D-71785F469C64}
		{196BA196-E282-487F-9C58-C0C159ACE7D4} = {F8FBA695-352E-4448-A7CF-36DF1295B7D7}
		{4DD4591C-0362-4C9E-945B-19BA3121A66E} = {BCAA16A5-27FF-464D-800A-B666F43D3A80}
		{BE3C2CF8-FC6B-4139-A700-016F263BD942} = {A7C4F5E5-6B2B-4F97-8384-722072B3AF60}
		{23248A43-21A8-4C9C-A28A-812188110A1C} = {6E65E33A-5F85-403E-9928-287E35F48F5B}
		{514A35B4-13CF-4A9B-B14A-0B086FF020A5} = {23248A43-21A8-4C9C-A28A-812188110A1C}
		{C69FDA80-7EB3-4CA3-B17A-9DAB6C3943D9} = {514A35B4-13CF-4A9B-B14A-0B086FF020A5}
		{AB58FF18-B21C-4265-BD43-443708D3B436} = {23248A43-21A8-4C9C-A28A-812188110A1C}
		{233DC072-590B-48C9-BF71-C17EAF36F928} = {AB58FF18-B21C-4265-BD43-443708D3B436}
	EndGlobalSection
EndGlobal
